
Microsoft Visual Studio Solution File, Format Version 12.00
# Visual Studio Version 16
VisualStudioVersion = 16.0.30104.148
MinimumVisualStudioVersion = 10.0.40219.1
Project("{FAE04EC0-301F-11D3-BF4B-00C04F79EFBC}") = "Sample1", "Sample1\Sample1.csproj", "{32FBF3E4-263C-4C81-8AFF-383C91DB6161}"
EndProject
Global
	GlobalSection(SolutionConfigurationPlatforms) = preSolution
		Debug|Any CPU = Debug|Any CPU
		Release|Any CPU = Release|Any CPU
	EndGlobalSection
	GlobalSection(ProjectConfigurationPlatforms) = postSolution
		{32FBF3E4-263C-4C81-8AFF-383C91DB6161}.Debug|Any CPU.ActiveCfg = Debug|Any CPU
		{32FBF3E4-263C-4C81-8AFF-383C91DB6161}.Debug|Any CPU.Build.0 = Debug|Any CPU
		{32FBF3E4-263C-4C81-8AFF-383C91DB6161}.Release|Any CPU.ActiveCfg = Release|Any CPU
		{32FBF3E4-263C-4C81-8AFF-383C91DB6161}.Release|Any CPU.Build.0 = Release|Any CPU
	EndGlobalSection
	GlobalSection(SolutionProperties) = preSolution
		HideSolutionNode = FALSE
	EndGlobalSection
	GlobalSection(ExtensibilityGlobals) = postSolution
		SolutionGuid = {E3B6A8FC-5997-4784-A03A-95DF40F5C032}
	EndGlobalSection
EndGlobal
